
Microsoft Visual Studio Solution File, Format Version 12.00
# Visual Studio 15
VisualStudioVersion = 15.0.26228.4
MinimumVisualStudioVersion = 10.0.40219.1
Project("{FAE04EC0-301F-11D3-BF4B-00C04F79EFBC}") = "XExample.Android", "XExample\XExample.Android\XExample.Android.csproj", "{FAB0CCDA-A5C5-429E-98CF-C705AA634C75}"
EndProject
Project("{FAE04EC0-301F-11D3-BF4B-00C04F79EFBC}") = "XExample", "XExample\XExample\XExample.csproj", "{70E07889-01EA-4F48-BF36-70C30944298B}"
EndProject
Project("{FAE04EC0-301F-11D3-BF4B-00C04F79EFBC}") = "XExample.UWP", "XExample\XExample.UWP\XExample.UWP.csproj", "{AA74D4F1-DE4B-4247-8DF1-59BFA7FDB8AC}"
EndProject
Project("{FAE04EC0-301F-11D3-BF4B-00C04F79EFBC}") = "XExample.iOS", "XExample\XExample.iOS\XExample.iOS.csproj", "{42636D35-1F18-455D-9236-D259AA0B1E67}"
EndProject
Global
	GlobalSection(SolutionConfigurationPlatforms) = preSolution
		Ad-Hoc|Any CPU = Ad-Hoc|Any CPU
		Ad-Hoc|ARM = Ad-Hoc|ARM
		Ad-Hoc|iPhone = Ad-Hoc|iPhone
		Ad-Hoc|iPhoneSimulator = Ad-Hoc|iPhoneSimulator
		Ad-Hoc|x64 = Ad-Hoc|x64
		Ad-Hoc|x86 = Ad-Hoc|x86
		AppStore|Any CPU = AppStore|Any CPU
		AppStore|ARM = AppStore|ARM
		AppStore|iPhone = AppStore|iPhone
		AppStore|iPhoneSimulator = AppStore|iPhoneSimulator
		AppStore|x64 = AppStore|x64
		AppStore|x86 = AppStore|x86
		Debug|Any CPU = Debug|Any CPU
		Debug|ARM = Debug|ARM
		Debug|iPhone = Debug|iPhone
		Debug|iPhoneSimulator = Debug|iPhoneSimulator
		Debug|x64 = Debug|x64
		Debug|x86 = Debug|x86
		Release|Any CPU = Release|Any CPU
		Release|ARM = Release|ARM
		Release|iPhone = Release|iPhone
		Release|iPhoneSimulator = Release|iPhoneSimulator
		Release|x64 = Release|x64
		Release|x86 = Release|x86
	EndGlobalSection
	GlobalSection(ProjectConfigurationPlatforms) = postSolution
		{FAB0CCDA-A5C5-429E-98CF-C705AA634C75}.Ad-Hoc|Any CPU.ActiveCfg = Release|Any CPU
		{FAB0CCDA-A5C5-429E-98CF-C705AA634C75}.Ad-Hoc|Any CPU.Build.0 = Release|Any CPU
		{FAB0CCDA-A5C5-429E-98CF-C705AA634C75}.Ad-Hoc|Any CPU.Deploy.0 = Release|Any CPU
		{FAB0CCDA-A5C5-429E-98CF-C705AA634C75}.Ad-Hoc|ARM.ActiveCfg = Release|Any CPU
		{FAB0CCDA-A5C5-429E-98CF-C705AA634C75}.Ad-Hoc|ARM.Build.0 = Release|Any CPU
		{FAB0CCDA-A5C5-429E-98CF-C705AA634C75}.Ad-Hoc|ARM.Deploy.0 = Release|Any CPU
		{FAB0CCDA-A5C5-429E-98CF-C705AA634C75}.Ad-Hoc|iPhone.ActiveCfg = Release|Any CPU
		{FAB0CCDA-A5C5-429E-98CF-C705AA634C75}.Ad-Hoc|iPhone.Build.0 = Release|Any CPU
		{FAB0CCDA-A5C5-429E-98CF-C705AA634C75}.Ad-Hoc|iPhone.Deploy.0 = Release|Any CPU
		{FAB0CCDA-A5C5-429E-98CF-C705AA634C75}.Ad-Hoc|iPhoneSimulator.ActiveCfg = Release|Any CPU
		{FAB0CCDA-A5C5-429E-98CF-C705AA634C75}.Ad-Hoc|iPhoneSimulator.Build.0 = Release|Any CPU
		{FAB0CCDA-A5C5-429E-98CF-C705AA634C75}.Ad-Hoc|iPhoneSimulator.Deploy.0 = Release|Any CPU
		{FAB0CCDA-A5C5-429E-98CF-C705AA634C75}.Ad-Hoc|x64.ActiveCfg = Release|Any CPU
		{FAB0CCDA-A5C5-429E-98CF-C705AA634C75}.Ad-Hoc|x64.Build.0 = Release|Any CPU
		{FAB0CCDA-A5C5-429E-98CF-C705AA634C75}.Ad-Hoc|x64.Deploy.0 = Release|Any CPU
		{FAB0CCDA-A5C5-429E-98CF-C705AA634C75}.Ad-Hoc|x86.ActiveCfg = Release|Any CPU
		{FAB0CCDA-A5C5-429E-98CF-C705AA634C75}.Ad-Hoc|x86.Build.0 = Release|Any CPU
		{FAB0CCDA-A5C5-429E-98CF-C705AA634C75}.Ad-Hoc|x86.Deploy.0 = Release|Any CPU
		{FAB0CCDA-A5C5-429E-98CF-C705AA634C75}.AppStore|Any CPU.ActiveCfg = Release|Any CPU
		{FAB0CCDA-A5C5-429E-98CF-C705AA634C75}.AppStore|Any CPU.Build.0 = Release|Any CPU
		{FAB0CCDA-A5C5-429E-98CF-C705AA634C75}.AppStore|Any CPU.Deploy.0 = Release|Any CPU
		{FAB0CCDA-A5C5-429E-98CF-C705AA634C75}.AppStore|ARM.ActiveCfg = Release|Any CPU
		{FAB0CCDA-A5C5-429E-98CF-C705AA634C75}.AppStore|ARM.Build.0 = Release|Any CPU
		{FAB0CCDA-A5C5-429E-98CF-C705AA634C75}.AppStore|ARM.Deploy.0 = Release|Any CPU
		{FAB0CCDA-A5C5-429E-98CF-C705AA634C75}.AppStore|iPhone.ActiveCfg = Release|Any CPU
		{FAB0CCDA-A5C5-429E-98CF-C705AA634C75}.AppStore|iPhone.Build.0 = Release|Any CPU
		{FAB0CCDA-A5C5-429E-98CF-C705AA634C75}.AppStore|iPhone.Deploy.0 = Release|Any CPU
		{FAB0CCDA-A5C5-429E-98CF-C705AA634C75}.AppStore|iPhoneSimulator.ActiveCfg = Release|Any CPU
		{FAB0CCDA-A5C5-429E-98CF-C705AA634C75}.AppStore|iPhoneSimulator.Build.0 = Release|Any CPU
		{FAB0CCDA-A5C5-429E-98CF-C705AA634C75}.AppStore|iPhoneSimulator.Deploy.0 = Release|Any CPU
		{FAB0CCDA-A5C5-429E-98CF-C705AA634C75}.AppStore|x64.ActiveCfg = Release|Any CPU
		{FAB0CCDA-A5C5-429E-98CF-C705AA634C75}.AppStore|x64.Build.0 = Release|Any CPU
		{FAB0CCDA-A5C5-429E-98CF-C705AA634C75}.AppStore|x64.Deploy.0 = Release|Any CPU
		{FAB0CCDA-A5C5-429E-98CF-C705AA634C75}.AppStore|x86.ActiveCfg = Release|Any CPU
		{FAB0CCDA-A5C5-429E-98CF-C705AA634C75}.AppStore|x86.Build.0 = Release|Any CPU
		{FAB0CCDA-A5C5-429E-98CF-C705AA634C75}.AppStore|x86.Deploy.0 = Release|Any CPU
		{FAB0CCDA-A5C5-429E-98CF-C705AA634C75}.Debug|Any CPU.ActiveCfg = Debug|Any CPU
		{FAB0CCDA-A5C5-429E-98CF-C705AA634C75}.Debug|Any CPU.Build.0 = Debug|Any CPU
		{FAB0CCDA-A5C5-429E-98CF-C705AA634C75}.Debug|Any CPU.Deploy.0 = Debug|Any CPU
		{FAB0CCDA-A5C5-429E-98CF-C705AA634C75}.Debug|ARM.ActiveCfg = Debug|Any CPU
		{FAB0CCDA-A5C5-429E-98CF-C705AA634C75}.Debug|ARM.Build.0 = Debug|Any CPU
		{FAB0CCDA-A5C5-429E-98CF-C705AA634C75}.Debug|ARM.Deploy.0 = Debug|Any CPU
		{FAB0CCDA-A5C5-429E-98CF-C705AA634C75}.Debug|iPhone.ActiveCfg = Debug|Any CPU
		{FAB0CCDA-A5C5-429E-98CF-C705AA634C75}.Debug|iPhone.Build.0 = Debug|Any CPU
		{FAB0CCDA-A5C5-429E-98CF-C705AA634C75}.Debug|iPhone.Deploy.0 = Debug|Any CPU
		{FAB0CCDA-A5C5-429E-98CF-C705AA634C75}.Debug|iPhoneSimulator.ActiveCfg = Debug|Any CPU
		{FAB0CCDA-A5C5-429E-98CF-C705AA634C75}.Debug|iPhoneSimulator.Build.0 = Debug|Any CPU
		{FAB0CCDA-A5C5-429E-98CF-C705AA634C75}.Debug|iPhoneSimulator.Deploy.0 = Debug|Any CPU
		{FAB0CCDA-A5C5-429E-98CF-C705AA634C75}.Debug|x64.ActiveCfg = Debug|Any CPU
		{FAB0CCDA-A5C5-429E-98CF-C705AA634C75}.Debug|x64.Build.0 = Debug|Any CPU
		{FAB0CCDA-A5C5-429E-98CF-C705AA634C75}.Debug|x64.Deploy.0 = Debug|Any CPU
		{FAB0CCDA-A5C5-429E-98CF-C705AA634C75}.Debug|x86.ActiveCfg = Debug|Any CPU
		{FAB0CCDA-A5C5-429E-98CF-C705AA634C75}.Debug|x86.Build.0 = Debug|Any CPU
		{FAB0CCDA-A5C5-429E-98CF-C705AA634C75}.Debug|x86.Deploy.0 = Debug|Any CPU
		{FAB0CCDA-A5C5-429E-98CF-C705AA634C75}.Release|Any CPU.ActiveCfg = Release|Any CPU
		{FAB0CCDA-A5C5-429E-98CF-C705AA634C75}.Release|Any CPU.Build.0 = Release|Any CPU
		{FAB0CCDA-A5C5-429E-98CF-C705AA634C75}.Release|Any CPU.Deploy.0 = Release|Any CPU
		{FAB0CCDA-A5C5-429E-98CF-C705AA634C75}.Release|ARM.ActiveCfg = Release|Any CPU
		{FAB0CCDA-A5C5-429E-98CF-C705AA634C75}.Release|ARM.Build.0 = Release|Any CPU
		{FAB0CCDA-A5C5-429E-98CF-C705AA634C75}.Release|ARM.Deploy.0 = Release|Any CPU
		{FAB0CCDA-A5C5-429E-98CF-C705AA634C75}.Release|iPhone.ActiveCfg = Release|Any CPU
		{FAB0CCDA-A5C5-429E-98CF-C705AA634C75}.Release|iPhone.Build.0 = Release|Any CPU
		{FAB0CCDA-A5C5-429E-98CF-C705AA634C75}.Release|iPhone.Deploy.0 = Release|Any CPU
		{FAB0CCDA-A5C5-429E-98CF-C705AA634C75}.Release|iPhoneSimulator.ActiveCfg = Release|Any CPU
		{FAB0CCDA-A5C5-429E-98CF-C705AA634C75}.Release|iPhoneSimulator.Build.0 = Release|Any CPU
		{FAB0CCDA-A5C5-429E-98CF-C705AA634C75}.Release|iPhoneSimulator.Deploy.0 = Release|Any CPU
		{FAB0CCDA-A5C5-429E-98CF-C705AA634C75}.Release|x64.ActiveCfg = Release|Any CPU
		{FAB0CCDA-A5C5-429E-98CF-C705AA634C75}.Release|x64.Build.0 = Release|Any CPU
		{FAB0CCDA-A5C5-429E-98CF-C705AA634C75}.Release|x64.Deploy.0 = Release|Any CPU
		{FAB0CCDA-A5C5-429E-98CF-C705AA634C75}.Release|x86.ActiveCfg = Release|Any CPU
		{FAB0CCDA-A5C5-429E-98CF-C705AA634C75}.Release|x86.Build.0 = Release|Any CPU
		{FAB0CCDA-A5C5-429E-98CF-C705AA634C75}.Release|x86.Deploy.0 = Release|Any CPU
		{70E07889-01EA-4F48-BF36-70C30944298B}.Ad-Hoc|Any CPU.ActiveCfg = Release|Any CPU
		{70E07889-01EA-4F48-BF36-70C30944298B}.Ad-Hoc|Any CPU.Build.0 = Release|Any CPU
		{70E07889-01EA-4F48-BF36-70C30944298B}.Ad-Hoc|ARM.ActiveCfg = Release|Any CPU
		{70E07889-01EA-4F48-BF36-70C30944298B}.Ad-Hoc|ARM.Build.0 = Release|Any CPU
		{70E07889-01EA-4F48-BF36-70C30944298B}.Ad-Hoc|iPhone.ActiveCfg = Release|Any CPU
		{70E07889-01EA-4F48-BF36-70C30944298B}.Ad-Hoc|iPhone.Build.0 = Release|Any CPU
		{70E07889-01EA-4F48-BF36-70C30944298B}.Ad-Hoc|iPhoneSimulator.ActiveCfg = Release|Any CPU
		{70E07889-01EA-4F48-BF36-70C30944298B}.Ad-Hoc|iPhoneSimulator.Build.0 = Release|Any CPU
		{70E07889-01EA-4F48-BF36-70C30944298B}.Ad-Hoc|x64.ActiveCfg = Release|Any CPU
		{70E07889-01EA-4F48-BF36-70C30944298B}.Ad-Hoc|x64.Build.0 = Release|Any CPU
		{70E07889-01EA-4F48-BF36-70C30944298B}.Ad-Hoc|x86.ActiveCfg = Release|Any CPU
		{70E07889-01EA-4F48-BF36-70C30944298B}.Ad-Hoc|x86.Build.0 = Release|Any CPU
		{70E07889-01EA-4F48-BF36-70C30944298B}.AppStore|Any CPU.ActiveCfg = Release|Any CPU
		{70E07889-01EA-4F48-BF36-70C30944298B}.AppStore|Any CPU.Build.0 = Release|Any CPU
		{70E07889-01EA-4F48-BF36-70C30944298B}.AppStore|ARM.ActiveCfg = Release|Any CPU
		{70E07889-01EA-4F48-BF36-70C30944298B}.AppStore|ARM.Build.0 = Release|Any CPU
		{70E07889-01EA-4F48-BF36-70C30944298B}.AppStore|iPhone.ActiveCfg = Release|Any CPU
		{70E07889-01EA-4F48-BF36-70C30944298B}.AppStore|iPhone.Build.0 = Release|Any CPU
		{70E07889-01EA-4F48-BF36-70C30944298B}.AppStore|iPhoneSimulator.ActiveCfg = Release|Any CPU
		{70E07889-01EA-4F48-BF36-70C30944298B}.AppStore|iPhoneSimulator.Build.0 = Release|Any CPU
		{70E07889-01EA-4F48-BF36-70C30944298B}.AppStore|x64.ActiveCfg = Release|Any CPU
		{70E07889-01EA-4F48-BF36-70C30944298B}.AppStore|x64.Build.0 = Release|Any CPU
		{70E07889-01EA-4F48-BF36-70C30944298B}.AppStore|x86.ActiveCfg = Release|Any CPU
		{70E07889-01EA-4F48-BF36-70C30944298B}.AppStore|x86.Build.0 = Release|Any CPU
		{70E07889-01EA-4F48-BF36-70C30944298B}.Debug|Any CPU.ActiveCfg = Debug|Any CPU
		{70E07889-01EA-4F48-BF36-70C30944298B}.Debug|Any CPU.Build.0 = Debug|Any CPU
		{70E07889-01EA-4F48-BF36-70C30944298B}.Debug|ARM.ActiveCfg = Debug|Any CPU
		{70E07889-01EA-4F48-BF36-70C30944298B}.Debug|ARM.Build.0 = Debug|Any CPU
		{70E07889-01EA-4F48-BF36-70C30944298B}.Debug|iPhone.ActiveCfg = Debug|Any CPU
		{70E07889-01EA-4F48-BF36-70C30944298B}.Debug|iPhone.Build.0 = Debug|Any CPU
		{70E07889-01EA-4F48-BF36-70C30944298B}.Debug|iPhoneSimulator.ActiveCfg = Debug|Any CPU
		{70E07889-01EA-4F48-BF36-70C30944298B}.Debug|iPhoneSimulator.Build.0 = Debug|Any CPU
		{70E07889-01EA-4F48-BF36-70C30944298B}.Debug|x64.ActiveCfg = Debug|Any CPU
		{70E07889-01EA-4F48-BF36-70C30944298B}.Debug|x64.Build.0 = Debug|Any CPU
		{70E07889-01EA-4F48-BF36-70C30944298B}.Debug|x86.ActiveCfg = Debug|Any CPU
		{70E07889-01EA-4F48-BF36-70C30944298B}.Debug|x86.Build.0 = Debug|Any CPU
		{70E07889-01EA-4F48-BF36-70C30944298B}.Release|Any CPU.ActiveCfg = Release|Any CPU
		{70E07889-01EA-4F48-BF36-70C30944298B}.Release|Any CPU.Build.0 = Release|Any CPU
		{70E07889-01EA-4F48-BF36-70C30944298B}.Release|ARM.ActiveCfg = Release|Any CPU
		{70E07889-01EA-4F48-BF36-70C30944298B}.Release|ARM.Build.0 = Release|Any CPU
		{70E07889-01EA-4F48-BF36-70C30944298B}.Release|iPhone.ActiveCfg = Release|Any CPU
		{70E07889-01EA-4F48-BF36-70C30944298B}.Release|iPhone.Build.0 = Release|Any CPU
		{70E07889-01EA-4F48-BF36-70C30944298B}.Release|iPhoneSimulator.ActiveCfg = Release|Any CPU
		{70E07889-01EA-4F48-BF36-70C30944298B}.Release|iPhoneSimulator.Build.0 = Release|Any CPU
		{70E07889-01EA-4F48-BF36-70C30944298B}.Release|x64.ActiveCfg = Release|Any CPU
		{70E07889-01EA-4F48-BF36-70C30944298B}.Release|x64.Build.0 = Release|Any CPU
		{70E07889-01EA-4F48-BF36-70C30944298B}.Release|x86.ActiveCfg = Release|Any CPU
		{70E07889-01EA-4F48-BF36-70C30944298B}.Release|x86.Build.0 = Release|Any CPU
		{AA74D4F1-DE4B-4247-8DF1-59BFA7FDB8AC}.Ad-Hoc|Any CPU.ActiveCfg = Release|x86
		{AA74D4F1-DE4B-4247-8DF1-59BFA7FDB8AC}.Ad-Hoc|Any CPU.Build.0 = Release|x86
		{AA74D4F1-DE4B-4247-8DF1-59BFA7FDB8AC}.Ad-Hoc|Any CPU.Deploy.0 = Release|x86
		{AA74D4F1-DE4B-4247-8DF1-59BFA7FDB8AC}.Ad-Hoc|ARM.ActiveCfg = Release|ARM
		{AA74D4F1-DE4B-4247-8DF1-59BFA7FDB8AC}.Ad-Hoc|ARM.Build.0 = Release|ARM
		{AA74D4F1-DE4B-4247-8DF1-59BFA7FDB8AC}.Ad-Hoc|ARM.Deploy.0 = Release|ARM
		{AA74D4F1-DE4B-4247-8DF1-59BFA7FDB8AC}.Ad-Hoc|iPhone.ActiveCfg = Release|x86
		{AA74D4F1-DE4B-4247-8DF1-59BFA7FDB8AC}.Ad-Hoc|iPhone.Build.0 = Release|x86
		{AA74D4F1-DE4B-4247-8DF1-59BFA7FDB8AC}.Ad-Hoc|iPhone.Deploy.0 = Release|x86
		{AA74D4F1-DE4B-4247-8DF1-59BFA7FDB8AC}.Ad-Hoc|iPhoneSimulator.ActiveCfg = Release|x86
		{AA74D4F1-DE4B-4247-8DF1-59BFA7FDB8AC}.Ad-Hoc|iPhoneSimulator.Build.0 = Release|x86
		{AA74D4F1-DE4B-4247-8DF1-59BFA7FDB8AC}.Ad-Hoc|iPhoneSimulator.Deploy.0 = Release|x86
		{AA74D4F1-DE4B-4247-8DF1-59BFA7FDB8AC}.Ad-Hoc|x64.ActiveCfg = Release|x64
		{AA74D4F1-DE4B-4247-8DF1-59BFA7FDB8AC}.Ad-Hoc|x64.Build.0 = Release|x64
		{AA74D4F1-DE4B-4247-8DF1-59BFA7FDB8AC}.Ad-Hoc|x64.Deploy.0 = Release|x64
		{AA74D4F1-DE4B-4247-8DF1-59BFA7FDB8AC}.Ad-Hoc|x86.ActiveCfg = Release|x86
		{AA74D4F1-DE4B-4247-8DF1-59BFA7FDB8AC}.Ad-Hoc|x86.Build.0 = Release|x86
		{AA74D4F1-DE4B-4247-8DF1-59BFA7FDB8AC}.Ad-Hoc|x86.Deploy.0 = Release|x86
		{AA74D4F1-DE4B-4247-8DF1-59BFA7FDB8AC}.AppStore|Any CPU.ActiveCfg = Release|x86
		{AA74D4F1-DE4B-4247-8DF1-59BFA7FDB8AC}.AppStore|Any CPU.Build.0 = Release|x86
		{AA74D4F1-DE4B-4247-8DF1-59BFA7FDB8AC}.AppStore|Any CPU.Deploy.0 = Release|x86
		{AA74D4F1-DE4B-4247-8DF1-59BFA7FDB8AC}.AppStore|ARM.ActiveCfg = Release|ARM
		{AA74D4F1-DE4B-4247-8DF1-59BFA7FDB8AC}.AppStore|ARM.Build.0 = Release|ARM
		{AA74D4F1-DE4B-4247-8DF1-59BFA7FDB8AC}.AppStore|ARM.Deploy.0 = Release|ARM
		{AA74D4F1-DE4B-4247-8DF1-59BFA7FDB8AC}.AppStore|iPhone.ActiveCfg = Release|x86
		{AA74D4F1-DE4B-4247-8DF1-59BFA7FDB8AC}.AppStore|iPhone.Build.0 = Release|x86
		{AA74D4F1-DE4B-4247-8DF1-59BFA7FDB8AC}.AppStore|iPhone.Deploy.0 = Release|x86
		{AA74D4F1-DE4B-4247-8DF1-59BFA7FDB8AC}.AppStore|iPhoneSimulator.ActiveCfg = Release|x86
		{AA74D4F1-DE4B-4247-8DF1-59BFA7FDB8AC}.AppStore|iPhoneSimulator.Build.0 = Release|x86
		{AA74D4F1-DE4B-4247-8DF1-59BFA7FDB8AC}.AppStore|iPhoneSimulator.Deploy.0 = Release|x86
		{AA74D4F1-DE4B-4247-8DF1-59BFA7FDB8AC}.AppStore|x64.ActiveCfg = Release|x64
		{AA74D4F1-DE4B-4247-8DF1-59BFA7FDB8AC}.AppStore|x64.Build.0 = Release|x64
		{AA74D4F1-DE4B-4247-8DF1-59BFA7FDB8AC}.AppStore|x64.Deploy.0 = Release|x64
		{AA74D4F1-DE4B-4247-8DF1-59BFA7FDB8AC}.AppStore|x86.ActiveCfg = Release|x86
		{AA74D4F1-DE4B-4247-8DF1-59BFA7FDB8AC}.AppStore|x86.Build.0 = Release|x86
		{AA74D4F1-DE4B-4247-8DF1-59BFA7FDB8AC}.AppStore|x86.Deploy.0 = Release|x86
		{AA74D4F1-DE4B-4247-8DF1-59BFA7FDB8AC}.Debug|Any CPU.ActiveCfg = Debug|x86
		{AA74D4F1-DE4B-4247-8DF1-59BFA7FDB8AC}.Debug|ARM.ActiveCfg = Debug|ARM
		{AA74D4F1-DE4B-4247-8DF1-59BFA7FDB8AC}.Debug|ARM.Build.0 = Debug|ARM
		{AA74D4F1-DE4B-4247-8DF1-59BFA7FDB8AC}.Debug|ARM.Deploy.0 = Debug|ARM
		{AA74D4F1-DE4B-4247-8DF1-59BFA7FDB8AC}.Debug|iPhone.ActiveCfg = Debug|x86
		{AA74D4F1-DE4B-4247-8DF1-59BFA7FDB8AC}.Debug|iPhoneSimulator.ActiveCfg = Debug|x86
		{AA74D4F1-DE4B-4247-8DF1-59BFA7FDB8AC}.Debug|x64.ActiveCfg = Debug|x64
		{AA74D4F1-DE4B-4247-8DF1-59BFA7FDB8AC}.Debug|x64.Build.0 = Debug|x64
		{AA74D4F1-DE4B-4247-8DF1-59BFA7FDB8AC}.Debug|x64.Deploy.0 = Debug|x64
		{AA74D4F1-DE4B-4247-8DF1-59BFA7FDB8AC}.Debug|x86.ActiveCfg = Debug|x86
		{AA74D4F1-DE4B-4247-8DF1-59BFA7FDB8AC}.Debug|x86.Build.0 = Debug|x86
		{AA74D4F1-DE4B-4247-8DF1-59BFA7FDB8AC}.Debug|x86.Deploy.0 = Debug|x86
		{AA74D4F1-DE4B-4247-8DF1-59BFA7FDB8AC}.Release|Any CPU.ActiveCfg = Release|x86
		{AA74D4F1-DE4B-4247-8DF1-59BFA7FDB8AC}.Release|ARM.ActiveCfg = Release|ARM
		{AA74D4F1-DE4B-4247-8DF1-59BFA7FDB8AC}.Release|ARM.Build.0 = Release|ARM
		{AA74D4F1-DE4B-4247-8DF1-59BFA7FDB8AC}.Release|ARM.Deploy.0 = Release|ARM
		{AA74D4F1-DE4B-4247-8DF1-59BFA7FDB8AC}.Release|iPhone.ActiveCfg = Release|x86
		{AA74D4F1-DE4B-4247-8DF1-59BFA7FDB8AC}.Release|iPhoneSimulator.ActiveCfg = Release|x86
		{AA74D4F1-DE4B-4247-8DF1-59BFA7FDB8AC}.Release|x64.ActiveCfg = Release|x64
		{AA74D4F1-DE4B-4247-8DF1-59BFA7FDB8AC}.Release|x64.Build.0 = Release|x64
		{AA74D4F1-DE4B-4247-8DF1-59BFA7FDB8AC}.Release|x64.Deploy.0 = Release|x64
		{AA74D4F1-DE4B-4247-8DF1-59BFA7FDB8AC}.Release|x86.ActiveCfg = Release|x86
		{AA74D4F1-DE4B-4247-8DF1-59BFA7FDB8AC}.Release|x86.Build.0 = Release|x86
		{AA74D4F1-DE4B-4247-8DF1-59BFA7FDB8AC}.Release|x86.Deploy.0 = Release|x86
		{42636D35-1F18-455D-9236-D259AA0B1E67}.Ad-Hoc|Any CPU.ActiveCfg = Ad-Hoc|iPhone
		{42636D35-1F18-455D-9236-D259AA0B1E67}.Ad-Hoc|ARM.ActiveCfg = Ad-Hoc|iPhone
		{42636D35-1F18-455D-9236-D259AA0B1E67}.Ad-Hoc|iPhone.ActiveCfg = Ad-Hoc|iPhone
		{42636D35-1F18-455D-9236-D259AA0B1E67}.Ad-Hoc|iPhone.Build.0 = Ad-Hoc|iPhone
		{42636D35-1F18-455D-9236-D259AA0B1E67}.Ad-Hoc|iPhoneSimulator.ActiveCfg = Ad-Hoc|iPhoneSimulator
		{42636D35-1F18-455D-9236-D259AA0B1E67}.Ad-Hoc|iPhoneSimulator.Build.0 = Ad-Hoc|iPhoneSimulator
		{42636D35-1F18-455D-9236-D259AA0B1E67}.Ad-Hoc|x64.ActiveCfg = Ad-Hoc|iPhone
		{42636D35-1F18-455D-9236-D259AA0B1E67}.Ad-Hoc|x86.ActiveCfg = Ad-Hoc|iPhone
		{42636D35-1F18-455D-9236-D259AA0B1E67}.AppStore|Any CPU.ActiveCfg = AppStore|iPhone
		{42636D35-1F18-455D-9236-D259AA0B1E67}.AppStore|ARM.ActiveCfg = AppStore|iPhone
		{42636D35-1F18-455D-9236-D259AA0B1E67}.AppStore|iPhone.ActiveCfg = AppStore|iPhone
		{42636D35-1F18-455D-9236-D259AA0B1E67}.AppStore|iPhone.Build.0 = AppStore|iPhone
		{42636D35-1F18-455D-9236-D259AA0B1E67}.AppStore|iPhoneSimulator.ActiveCfg = AppStore|iPhoneSimulator
		{42636D35-1F18-455D-9236-D259AA0B1E67}.AppStore|iPhoneSimulator.Build.0 = AppStore|iPhoneSimulator
		{42636D35-1F18-455D-9236-D259AA0B1E67}.AppStore|x64.ActiveCfg = AppStore|iPhone
		{42636D35-1F18-455D-9236-D259AA0B1E67}.AppStore|x86.ActiveCfg = AppStore|iPhone
		{42636D35-1F18-455D-9236-D259AA0B1E67}.Debug|Any CPU.ActiveCfg = Debug|iPhone
		{42636D35-1F18-455D-9236-D259AA0B1E67}.Debug|ARM.ActiveCfg = Debug|iPhone
		{42636D35-1F18-455D-9236-D259AA0B1E67}.Debug|iPhone.ActiveCfg = Debug|iPhone
		{42636D35-1F18-455D-9236-D259AA0B1E67}.Debug|iPhone.Build.0 = Debug|iPhone
		{42636D35-1F18-455D-9236-D259AA0B1E67}.Debug|iPhoneSimulator.ActiveCfg = Debug|iPhoneSimulator
		{42636D35-1F18-455D-9236-D259AA0B1E67}.Debug|iPhoneSimulator.Build.0 = Debug|iPhoneSimulator
		{42636D35-1F18-455D-9236-D259AA0B1E67}.Debug|x64.ActiveCfg = Debug|iPhone
		{42636D35-1F18-455D-9236-D259AA0B1E67}.Debug|x86.ActiveCfg = Debug|iPhone
		{42636D35-1F18-455D-9236-D259AA0B1E67}.Release|Any CPU.ActiveCfg = Release|iPhone
		{42636D35-1F18-455D-9236-D259AA0B1E67}.Release|ARM.ActiveCfg = Release|iPhone
		{42636D35-1F18-455D-9236-D259AA0B1E67}.Release|iPhone.ActiveCfg = Release|iPhone
		{42636D35-1F18-455D-9236-D259AA0B1E67}.Release|iPhone.Build.0 = Release|iPhone
		{42636D35-1F18-455D-9236-D259AA0B1E67}.Release|iPhoneSimulator.ActiveCfg = Release|iPhoneSimulator
		{42636D35-1F18-455D-9236-D259AA0B1E67}.Release|iPhoneSimulator.Build.0 = Release|iPhoneSimulator
		{42636D35-1F18-455D-9236-D259AA0B1E67}.Release|x64.ActiveCfg = Release|iPhone
		{42636D35-1F18-455D-9236-D259AA0B1E67}.Release|x86.ActiveCfg = Release|iPhone
	EndGlobalSection
	GlobalSection(SolutionProperties) = preSolution
		HideSolutionNode = FALSE
	EndGlobalSection
EndGlobal
